// !$*UTF8*$!
{
	archiveVersion = 1;
	classes = {
	};
	objectVersion = 56;
	objects = {

/* Begin PBXBuildFile section */
		270C72682A9C922900E3D3E6 /* AppDelegate.swift in Sources */ = {isa = PBXBuildFile; fileRef = 270C72672A9C922900E3D3E6 /* AppDelegate.swift */; };
		270C726A2A9C922900E3D3E6 /* SceneDelegate.swift in Sources */ = {isa = PBXBuildFile; fileRef = 270C72692A9C922900E3D3E6 /* SceneDelegate.swift */; };
		270C726C2A9C922900E3D3E6 /* ViewController.swift in Sources */ = {isa = PBXBuildFile; fileRef = 270C726B2A9C922900E3D3E6 /* ViewController.swift */; };
		270C726F2A9C922900E3D3E6 /* Main.storyboard in Resources */ = {isa = PBXBuildFile; fileRef = 270C726D2A9C922900E3D3E6 /* Main.storyboard */; };
		270C72712A9C922A00E3D3E6 /* Assets.xcassets in Resources */ = {isa = PBXBuildFile; fileRef = 270C72702A9C922A00E3D3E6 /* Assets.xcassets */; };
		270C72742A9C922A00E3D3E6 /* LaunchScreen.storyboard in Resources */ = {isa = PBXBuildFile; fileRef = 270C72722A9C922A00E3D3E6 /* LaunchScreen.storyboard */; };
		270C727C2A9DAA0F00E3D3E6 /* URLEncoder.swift in Sources */ = {isa = PBXBuildFile; fileRef = 270C727B2A9DAA0F00E3D3E6 /* URLEncoder.swift */; };
		270C72802A9DEC0400E3D3E6 /* URLManager.swift in Sources */ = {isa = PBXBuildFile; fileRef = 270C727F2A9DEC0400E3D3E6 /* URLManager.swift */; };
		270C72822A9E1BD100E3D3E6 /* HomeViewController.swift in Sources */ = {isa = PBXBuildFile; fileRef = 270C72812A9E1BD100E3D3E6 /* HomeViewController.swift */; };
		270C728E2A9E2B5E00E3D3E6 /* HomeViewModel.swift in Sources */ = {isa = PBXBuildFile; fileRef = 270C728D2A9E2B5E00E3D3E6 /* HomeViewModel.swift */; };
		271E1D772A9F16DF003BF5D9 /* TableViewController.swift in Sources */ = {isa = PBXBuildFile; fileRef = 271E1D762A9F16DF003BF5D9 /* TableViewController.swift */; };
		271E1D7E2A9F1D77003BF5D9 /* TableViewModel.swift in Sources */ = {isa = PBXBuildFile; fileRef = 271E1D7D2A9F1D77003BF5D9 /* TableViewModel.swift */; };
		271E1D802A9F3034003BF5D9 /* DataModel.swift in Sources */ = {isa = PBXBuildFile; fileRef = 271E1D7F2A9F3034003BF5D9 /* DataModel.swift */; };
		27CD6B462AA0DA80004B5947 /* TableViewCell.swift in Sources */ = {isa = PBXBuildFile; fileRef = 27CD6B442AA0DA80004B5947 /* TableViewCell.swift */; };
		27CD6B472AA0DA80004B5947 /* TableViewCell.xib in Resources */ = {isa = PBXBuildFile; fileRef = 27CD6B452AA0DA80004B5947 /* TableViewCell.xib */; };
		27E8CA952AA19A1600B582D3 /* temp.swift in Sources */ = {isa = PBXBuildFile; fileRef = 27E8CA942AA19A1600B582D3 /* temp.swift */; };
/* End PBXBuildFile section */

/* Begin PBXFileReference section */
		270C72642A9C922900E3D3E6 /* 앱개발 숙련 개인과제.app */ = {isa = PBXFileReference; explicitFileType = wrapper.application; includeInIndex = 0; path = "앱개발 숙련 개인과제.app"; sourceTree = BUILT_PRODUCTS_DIR; };
		270C72672A9C922900E3D3E6 /* AppDelegate.swift */ = {isa = PBXFileReference; lastKnownFileType = sourcecode.swift; path = AppDelegate.swift; sourceTree = "<group>"; };
		270C72692A9C922900E3D3E6 /* SceneDelegate.swift */ = {isa = PBXFileReference; lastKnownFileType = sourcecode.swift; path = SceneDelegate.swift; sourceTree = "<group>"; };
		270C726B2A9C922900E3D3E6 /* ViewController.swift */ = {isa = PBXFileReference; lastKnownFileType = sourcecode.swift; path = ViewController.swift; sourceTree = "<group>"; };
		270C726E2A9C922900E3D3E6 /* Base */ = {isa = PBXFileReference; lastKnownFileType = file.storyboard; name = Base; path = Base.lproj/Main.storyboard; sourceTree = "<group>"; };
		270C72702A9C922A00E3D3E6 /* Assets.xcassets */ = {isa = PBXFileReference; lastKnownFileType = folder.assetcatalog; path = Assets.xcassets; sourceTree = "<group>"; };
		270C72732A9C922A00E3D3E6 /* Base */ = {isa = PBXFileReference; lastKnownFileType = file.storyboard; name = Base; path = Base.lproj/LaunchScreen.storyboard; sourceTree = "<group>"; };
		270C72752A9C922A00E3D3E6 /* Info.plist */ = {isa = PBXFileReference; lastKnownFileType = text.plist.xml; path = Info.plist; sourceTree = "<group>"; };
		270C727B2A9DAA0F00E3D3E6 /* URLEncoder.swift */ = {isa = PBXFileReference; lastKnownFileType = sourcecode.swift; path = URLEncoder.swift; sourceTree = "<group>"; };
		270C727F2A9DEC0400E3D3E6 /* URLManager.swift */ = {isa = PBXFileReference; lastKnownFileType = sourcecode.swift; path = URLManager.swift; sourceTree = "<group>"; };
		270C72812A9E1BD100E3D3E6 /* HomeViewController.swift */ = {isa = PBXFileReference; lastKnownFileType = sourcecode.swift; path = HomeViewController.swift; sourceTree = "<group>"; };
		270C728D2A9E2B5E00E3D3E6 /* HomeViewModel.swift */ = {isa = PBXFileReference; lastKnownFileType = sourcecode.swift; path = HomeViewModel.swift; sourceTree = "<group>"; };
		271E1D762A9F16DF003BF5D9 /* TableViewController.swift */ = {isa = PBXFileReference; lastKnownFileType = sourcecode.swift; path = TableViewController.swift; sourceTree = "<group>"; };
		271E1D7D2A9F1D77003BF5D9 /* TableViewModel.swift */ = {isa = PBXFileReference; lastKnownFileType = sourcecode.swift; path = TableViewModel.swift; sourceTree = "<group>"; };
		271E1D7F2A9F3034003BF5D9 /* DataModel.swift */ = {isa = PBXFileReference; lastKnownFileType = sourcecode.swift; path = DataModel.swift; sourceTree = "<group>"; };
		27CD6B442AA0DA80004B5947 /* TableViewCell.swift */ = {isa = PBXFileReference; lastKnownFileType = sourcecode.swift; path = TableViewCell.swift; sourceTree = "<group>"; };
		27CD6B452AA0DA80004B5947 /* TableViewCell.xib */ = {isa = PBXFileReference; lastKnownFileType = file.xib; path = TableViewCell.xib; sourceTree = "<group>"; };
		27E8CA942AA19A1600B582D3 /* temp.swift */ = {isa = PBXFileReference; lastKnownFileType = sourcecode.swift; path = temp.swift; sourceTree = "<group>"; };
/* End PBXFileReference section */

/* Begin PBXFrameworksBuildPhase section */
		270C72612A9C922900E3D3E6 /* Frameworks */ = {
			isa = PBXFrameworksBuildPhase;
			buildActionMask = 2147483647;
			files = (
			);
			runOnlyForDeploymentPostprocessing = 0;
		};
/* End PBXFrameworksBuildPhase section */

/* Begin PBXGroup section */
		270C725B2A9C922900E3D3E6 = {
			isa = PBXGroup;
			children = (
				270C72892A9E296700E3D3E6 /* exampleAPI */,
				270C72662A9C922900E3D3E6 /* 앱개발 숙련 개인과제 */,
				270C72652A9C922900E3D3E6 /* Products */,
			);
			sourceTree = "<group>";
		};
		270C72652A9C922900E3D3E6 /* Products */ = {
			isa = PBXGroup;
			children = (
				270C72642A9C922900E3D3E6 /* 앱개발 숙련 개인과제.app */,
			);
			name = Products;
			sourceTree = "<group>";
		};
		270C72662A9C922900E3D3E6 /* 앱개발 숙련 개인과제 */ = {
			isa = PBXGroup;
			children = (
				270C72672A9C922900E3D3E6 /* AppDelegate.swift */,
				270C72692A9C922900E3D3E6 /* SceneDelegate.swift */,
				270C728A2A9E29CE00E3D3E6 /* Views */,
				270C728C2A9E29E700E3D3E6 /* ViewModels */,
				270C728B2A9E29D900E3D3E6 /* Model */,
				270C72702A9C922A00E3D3E6 /* Assets.xcassets */,
				270C726D2A9C922900E3D3E6 /* Main.storyboard */,
				270C72722A9C922A00E3D3E6 /* LaunchScreen.storyboard */,
				270C72752A9C922A00E3D3E6 /* Info.plist */,
			);
			path = "앱개발 숙련 개인과제";
			sourceTree = "<group>";
		};
		270C72892A9E296700E3D3E6 /* exampleAPI */ = {
			isa = PBXGroup;
			children = (
				270C727B2A9DAA0F00E3D3E6 /* URLEncoder.swift */,
				270C727F2A9DEC0400E3D3E6 /* URLManager.swift */,
				27E8CA942AA19A1600B582D3 /* temp.swift */,
				270C726B2A9C922900E3D3E6 /* ViewController.swift */,
			);
			path = exampleAPI;
			sourceTree = "<group>";
		};
		270C728A2A9E29CE00E3D3E6 /* Views */ = {
			isa = PBXGroup;
			children = (
				270C72812A9E1BD100E3D3E6 /* HomeViewController.swift */,
				271E1D7C2A9F1D09003BF5D9 /* TableView */,
			);
			path = Views;
			sourceTree = "<group>";
		};
		270C728B2A9E29D900E3D3E6 /* Model */ = {
			isa = PBXGroup;
			children = (
				271E1D7F2A9F3034003BF5D9 /* DataModel.swift */,
			);
			path = Model;
			sourceTree = "<group>";
		};
		270C728C2A9E29E700E3D3E6 /* ViewModels */ = {
			isa = PBXGroup;
			children = (
				270C728D2A9E2B5E00E3D3E6 /* HomeViewModel.swift */,
				271E1D7D2A9F1D77003BF5D9 /* TableViewModel.swift */,
			);
			path = ViewModels;
			sourceTree = "<group>";
		};
		271E1D7C2A9F1D09003BF5D9 /* TableView */ = {
			isa = PBXGroup;
			children = (
				271E1D762A9F16DF003BF5D9 /* TableViewController.swift */,
				27CD6B442AA0DA80004B5947 /* TableViewCell.swift */,
				27CD6B452AA0DA80004B5947 /* TableViewCell.xib */,
			);
			path = TableView;
			sourceTree = "<group>";
		};
/* End PBXGroup section */

/* Begin PBXNativeTarget section */
		270C72632A9C922900E3D3E6 /* 앱개발 숙련 개인과제 */ = {
			isa = PBXNativeTarget;
			buildConfigurationList = 270C72782A9C922A00E3D3E6 /* Build configuration list for PBXNativeTarget "앱개발 숙련 개인과제" */;
			buildPhases = (
				270C72602A9C922900E3D3E6 /* Sources */,
				270C72612A9C922900E3D3E6 /* Frameworks */,
				270C72622A9C922900E3D3E6 /* Resources */,
			);
			buildRules = (
			);
			dependencies = (
			);
			name = "앱개발 숙련 개인과제";
			productName = "앱개발 숙련 개인과제";
			productReference = 270C72642A9C922900E3D3E6 /* 앱개발 숙련 개인과제.app */;
			productType = "com.apple.product-type.application";
		};
/* End PBXNativeTarget section */

/* Begin PBXProject section */
		270C725C2A9C922900E3D3E6 /* Project object */ = {
			isa = PBXProject;
			attributes = {
				BuildIndependentTargetsInParallel = 1;
				LastSwiftUpdateCheck = 1430;
				LastUpgradeCheck = 1430;
				TargetAttributes = {
					270C72632A9C922900E3D3E6 = {
						CreatedOnToolsVersion = 14.3.1;
					};
				};
			};
			buildConfigurationList = 270C725F2A9C922900E3D3E6 /* Build configuration list for PBXProject "앱개발 숙련 개인과제" */;
			compatibilityVersion = "Xcode 14.0";
			developmentRegion = en;
			hasScannedForEncodings = 0;
			knownRegions = (
				en,
				Base,
			);
			mainGroup = 270C725B2A9C922900E3D3E6;
			productRefGroup = 270C72652A9C922900E3D3E6 /* Products */;
			projectDirPath = "";
			projectRoot = "";
			targets = (
				270C72632A9C922900E3D3E6 /* 앱개발 숙련 개인과제 */,
			);
		};
/* End PBXProject section */

/* Begin PBXResourcesBuildPhase section */
		270C72622A9C922900E3D3E6 /* Resources */ = {
			isa = PBXResourcesBuildPhase;
			buildActionMask = 2147483647;
			files = (
				270C72742A9C922A00E3D3E6 /* LaunchScreen.storyboard in Resources */,
				27CD6B472AA0DA80004B5947 /* TableViewCell.xib in Resources */,
				270C72712A9C922A00E3D3E6 /* Assets.xcassets in Resources */,
				270C726F2A9C922900E3D3E6 /* Main.storyboard in Resources */,
			);
			runOnlyForDeploymentPostprocessing = 0;
		};
/* End PBXResourcesBuildPhase section */

/* Begin PBXSourcesBuildPhase section */
		270C72602A9C922900E3D3E6 /* Sources */ = {
			isa = PBXSourcesBuildPhase;
			buildActionMask = 2147483647;
			files = (
				270C726C2A9C922900E3D3E6 /* ViewController.swift in Sources */,
				271E1D7E2A9F1D77003BF5D9 /* TableViewModel.swift in Sources */,
				270C72682A9C922900E3D3E6 /* AppDelegate.swift in Sources */,
				270C728E2A9E2B5E00E3D3E6 /* HomeViewModel.swift in Sources */,
				271E1D802A9F3034003BF5D9 /* DataModel.swift in Sources */,
				271E1D772A9F16DF003BF5D9 /* TableViewController.swift in Sources */,
				27CD6B462AA0DA80004B5947 /* TableViewCell.swift in Sources */,
				270C726A2A9C922900E3D3E6 /* SceneDelegate.swift in Sources */,
				270C727C2A9DAA0F00E3D3E6 /* URLEncoder.swift in Sources */,
				270C72802A9DEC0400E3D3E6 /* URLManager.swift in Sources */,
				270C72822A9E1BD100E3D3E6 /* HomeViewController.swift in Sources */,
				27E8CA952AA19A1600B582D3 /* temp.swift in Sources */,
			);
			runOnlyForDeploymentPostprocessing = 0;
		};
/* End PBXSourcesBuildPhase section */

/* Begin PBXVariantGroup section */
		270C726D2A9C922900E3D3E6 /* Main.storyboard */ = {
			isa = PBXVariantGroup;
			children = (
				270C726E2A9C922900E3D3E6 /* Base */,
			);
			name = Main.storyboard;
			sourceTree = "<group>";
		};
		270C72722A9C922A00E3D3E6 /* LaunchScreen.storyboard */ = {
			isa = PBXVariantGroup;
			children = (
				270C72732A9C922A00E3D3E6 /* Base */,
			);
			name = LaunchScreen.storyboard;
			sourceTree = "<group>";
		};
/* End PBXVariantGroup section */

/* Begin XCBuildConfiguration section */
		270C72762A9C922A00E3D3E6 /* Debug */ = {
			isa = XCBuildConfiguration;
			buildSettings = {
				ALWAYS_SEARCH_USER_PATHS = NO;
				CLANG_ANALYZER_NONNULL = YES;
				CLANG_ANALYZER_NUMBER_OBJECT_CONVERSION = YES_AGGRESSIVE;
				CLANG_CXX_LANGUAGE_STANDARD = "gnu++20";
				CLANG_ENABLE_MODULES = YES;
				CLANG_ENABLE_OBJC_ARC = YES;
				CLANG_ENABLE_OBJC_WEAK = YES;
				CLANG_WARN_BLOCK_CAPTURE_AUTORELEASING = YES;
				CLANG_WARN_BOOL_CONVERSION = YES;
				CLANG_WARN_COMMA = YES;
				CLANG_WARN_CONSTANT_CONVERSION = YES;
				CLANG_WARN_DEPRECATED_OBJC_IMPLEMENTATIONS = YES;
				CLANG_WARN_DIRECT_OBJC_ISA_USAGE = YES_ERROR;
				CLANG_WARN_DOCUMENTATION_COMMENTS = YES;
				CLANG_WARN_EMPTY_BODY = YES;
				CLANG_WARN_ENUM_CONVERSION = YES;
				CLANG_WARN_INFINITE_RECURSION = YES;
				CLANG_WARN_INT_CONVERSION = YES;
				CLANG_WARN_NON_LITERAL_NULL_CONVERSION = YES;
				CLANG_WARN_OBJC_IMPLICIT_RETAIN_SELF = YES;
				CLANG_WARN_OBJC_LITERAL_CONVERSION = YES;
				CLANG_WARN_OBJC_ROOT_CLASS = YES_ERROR;
				CLANG_WARN_QUOTED_INCLUDE_IN_FRAMEWORK_HEADER = YES;
				CLANG_WARN_RANGE_LOOP_ANALYSIS = YES;
				CLANG_WARN_STRICT_PROTOTYPES = YES;
				CLANG_WARN_SUSPICIOUS_MOVE = YES;
				CLANG_WARN_UNGUARDED_AVAILABILITY = YES_AGGRESSIVE;
				CLANG_WARN_UNREACHABLE_CODE = YES;
				CLANG_WARN__DUPLICATE_METHOD_MATCH = YES;
				COPY_PHASE_STRIP = NO;
				DEBUG_INFORMATION_FORMAT = dwarf;
				ENABLE_STRICT_OBJC_MSGSEND = YES;
				ENABLE_TESTABILITY = YES;
				GCC_C_LANGUAGE_STANDARD = gnu11;
				GCC_DYNAMIC_NO_PIC = NO;
				GCC_NO_COMMON_BLOCKS = YES;
				GCC_OPTIMIZATION_LEVEL = 0;
				GCC_PREPROCESSOR_DEFINITIONS = (
					"DEBUG=1",
					"$(inherited)",
				);
				GCC_WARN_64_TO_32_BIT_CONVERSION = YES;
				GCC_WARN_ABOUT_RETURN_TYPE = YES_ERROR;
				GCC_WARN_UNDECLARED_SELECTOR = YES;
				GCC_WARN_UNINITIALIZED_AUTOS = YES_AGGRESSIVE;
				GCC_WARN_UNUSED_FUNCTION = YES;
				GCC_WARN_UNUSED_VARIABLE = YES;
				IPHONEOS_DEPLOYMENT_TARGET = 16.4;
				MTL_ENABLE_DEBUG_INFO = INCLUDE_SOURCE;
				MTL_FAST_MATH = YES;
				ONLY_ACTIVE_ARCH = YES;
				SDKROOT = iphoneos;
				SWIFT_ACTIVE_COMPILATION_CONDITIONS = DEBUG;
				SWIFT_OPTIMIZATION_LEVEL = "-Onone";
			};
			name = Debug;
		};
		270C72772A9C922A00E3D3E6 /* Release */ = {
			isa = XCBuildConfiguration;
			buildSettings = {
				ALWAYS_SEARCH_USER_PATHS = NO;
				CLANG_ANALYZER_NONNULL = YES;
				CLANG_ANALYZER_NUMBER_OBJECT_CONVERSION = YES_AGGRESSIVE;
				CLANG_CXX_LANGUAGE_STANDARD = "gnu++20";
				CLANG_ENABLE_MODULES = YES;
				CLANG_ENABLE_OBJC_ARC = YES;
				CLANG_ENABLE_OBJC_WEAK = YES;
				CLANG_WARN_BLOCK_CAPTURE_AUTORELEASING = YES;
				CLANG_WARN_BOOL_CONVERSION = YES;
				CLANG_WARN_COMMA = YES;
				CLANG_WARN_CONSTANT_CONVERSION = YES;
				CLANG_WARN_DEPRECATED_OBJC_IMPLEMENTATIONS = YES;
				CLANG_WARN_DIRECT_OBJC_ISA_USAGE = YES_ERROR;
				CLANG_WARN_DOCUMENTATION_COMMENTS = YES;
				CLANG_WARN_EMPTY_BODY = YES;
				CLANG_WARN_ENUM_CONVERSION = YES;
				CLANG_WARN_INFINITE_RECURSION = YES;
				CLANG_WARN_INT_CONVERSION = YES;
				CLANG_WARN_NON_LITERAL_NULL_CONVERSION = YES;
				CLANG_WARN_OBJC_IMPLICIT_RETAIN_SELF = YES;
				CLANG_WARN_OBJC_LITERAL_CONVERSION = YES;
				CLANG_WARN_OBJC_ROOT_CLASS = YES_ERROR;
				CLANG_WARN_QUOTED_INCLUDE_IN_FRAMEWORK_HEADER = YES;
				CLANG_WARN_RANGE_LOOP_ANALYSIS = YES;
				CLANG_WARN_STRICT_PROTOTYPES = YES;
				CLANG_WARN_SUSPICIOUS_MOVE = YES;
				CLANG_WARN_UNGUARDED_AVAILABILITY = YES_AGGRESSIVE;
				CLANG_WARN_UNREACHABLE_CODE = YES;
				CLANG_WARN__DUPLICATE_METHOD_MATCH = YES;
				COPY_PHASE_STRIP = NO;
				DEBUG_INFORMATION_FORMAT = "dwarf-with-dsym";
				ENABLE_NS_ASSERTIONS = NO;
				ENABLE_STRICT_OBJC_MSGSEND = YES;
				GCC_C_LANGUAGE_STANDARD = gnu11;
				GCC_NO_COMMON_BLOCKS = YES;
				GCC_WARN_64_TO_32_BIT_CONVERSION = YES;
				GCC_WARN_ABOUT_RETURN_TYPE = YES_ERROR;
				GCC_WARN_UNDECLARED_SELECTOR = YES;
				GCC_WARN_UNINITIALIZED_AUTOS = YES_AGGRESSIVE;
				GCC_WARN_UNUSED_FUNCTION = YES;
				GCC_WARN_UNUSED_VARIABLE = YES;
				IPHONEOS_DEPLOYMENT_TARGET = 16.4;
				MTL_ENABLE_DEBUG_INFO = NO;
				MTL_FAST_MATH = YES;
				SDKROOT = iphoneos;
				SWIFT_COMPILATION_MODE = wholemodule;
				SWIFT_OPTIMIZATION_LEVEL = "-O";
				VALIDATE_PRODUCT = YES;
			};
			name = Release;
		};
		270C72792A9C922A00E3D3E6 /* Debug */ = {
			isa = XCBuildConfiguration;
			buildSettings = {
				ASSETCATALOG_COMPILER_APPICON_NAME = AppIcon;
				ASSETCATALOG_COMPILER_GLOBAL_ACCENT_COLOR_NAME = AccentColor;
				CODE_SIGN_STYLE = Automatic;
				CURRENT_PROJECT_VERSION = 1;
				GENERATE_INFOPLIST_FILE = YES;
				INFOPLIST_FILE = "앱개발 숙련 개인과제/Info.plist";
				INFOPLIST_KEY_UIApplicationSupportsIndirectInputEvents = YES;
				INFOPLIST_KEY_UILaunchStoryboardName = LaunchScreen;
				INFOPLIST_KEY_UIMainStoryboardFile = Main;
				INFOPLIST_KEY_UISupportedInterfaceOrientations_iPad = "UIInterfaceOrientationPortrait UIInterfaceOrientationPortraitUpsideDown UIInterfaceOrientationLandscapeLeft UIInterfaceOrientationLandscapeRight";
				INFOPLIST_KEY_UISupportedInterfaceOrientations_iPhone = "UIInterfaceOrientationPortrait UIInterfaceOrientationLandscapeLeft UIInterfaceOrientationLandscapeRight";
				LD_RUNPATH_SEARCH_PATHS = (
					"$(inherited)",
					"@executable_path/Frameworks",
				);
				MARKETING_VERSION = 1.0;
				PRODUCT_BUNDLE_IDENTIFIER = "rhd9228.-------------------------";
				PRODUCT_NAME = "$(TARGET_NAME)";
				SWIFT_EMIT_LOC_STRINGS = YES;
				SWIFT_VERSION = 5.0;
				TARGETED_DEVICE_FAMILY = "1,2";
			};
			name = Debug;
		};
		270C727A2A9C922A00E3D3E6 /* Release */ = {
			isa = XCBuildConfiguration;
			buildSettings = {
				ASSETCATALOG_COMPILER_APPICON_NAME = AppIcon;
				ASSETCATALOG_COMPILER_GLOBAL_ACCENT_COLOR_NAME = AccentColor;
				CODE_SIGN_STYLE = Automatic;
				CURRENT_PROJECT_VERSION = 1;
				GENERATE_INFOPLIST_FILE = YES;
				INFOPLIST_FILE = "앱개발 숙련 개인과제/Info.plist";
				INFOPLIST_KEY_UIApplicationSupportsIndirectInputEvents = YES;
				INFOPLIST_KEY_UILaunchStoryboardName = LaunchScreen;
				INFOPLIST_KEY_UIMainStoryboardFile = Main;
				INFOPLIST_KEY_UISupportedInterfaceOrientations_iPad = "UIInterfaceOrientationPortrait UIInterfaceOrientationPortraitUpsideDown UIInterfaceOrientationLandscapeLeft UIInterfaceOrientationLandscapeRight";
				INFOPLIST_KEY_UISupportedInterfaceOrientations_iPhone = "UIInterfaceOrientationPortrait UIInterfaceOrientationLandscapeLeft UIInterfaceOrientationLandscapeRight";
				LD_RUNPATH_SEARCH_PATHS = (
					"$(inherited)",
					"@executable_path/Frameworks",
				);
				MARKETING_VERSION = 1.0;
				PRODUCT_BUNDLE_IDENTIFIER = "rhd9228.-------------------------";
				PRODUCT_NAME = "$(TARGET_NAME)";
				SWIFT_EMIT_LOC_STRINGS = YES;
				SWIFT_VERSION = 5.0;
				TARGETED_DEVICE_FAMILY = "1,2";
			};
			name = Release;
		};
/* End XCBuildConfiguration section */

/* Begin XCConfigurationList section */
		270C725F2A9C922900E3D3E6 /* Build configuration list for PBXProject "앱개발 숙련 개인과제" */ = {
			isa = XCConfigurationList;
			buildConfigurations = (
				270C72762A9C922A00E3D3E6 /* Debug */,
				270C72772A9C922A00E3D3E6 /* Release */,
			);
			defaultConfigurationIsVisible = 0;
			defaultConfigurationName = Release;
		};
		270C72782A9C922A00E3D3E6 /* Build configuration list for PBXNativeTarget "앱개발 숙련 개인과제" */ = {
			isa = XCConfigurationList;
			buildConfigurations = (
				270C72792A9C922A00E3D3E6 /* Debug */,
				270C727A2A9C922A00E3D3E6 /* Release */,
			);
			defaultConfigurationIsVisible = 0;
			defaultConfigurationName = Release;
		};
/* End XCConfigurationList section */
	};
	rootObject = 270C725C2A9C922900E3D3E6 /* Project object */;
}
